
Microsoft Visual Studio Solution File, Format Version 12.00
# Visual Studio 15
VisualStudioVersion = 15.0.27004.2009
MinimumVisualStudioVersion = 10.0.40219.1
Project("{888888A0-9F3D-457C-B088-3A5042F75D52}") = "QLearn", "QLearn.pyproj", "{5FA31FEB-6A4A-4F51-A48A-A46CCBB61182}"
EndProject
Global
	GlobalSection(SolutionConfigurationPlatforms) = preSolution
		Debug|Any CPU = Debug|Any CPU
		Release|Any CPU = Release|Any CPU
	EndGlobalSection
	GlobalSection(ProjectConfigurationPlatforms) = postSolution
		{5FA31FEB-6A4A-4F51-A48A-A46CCBB61182}.Debug|Any CPU.ActiveCfg = Debug|Any CPU
		{5FA31FEB-6A4A-4F51-A48A-A46CCBB61182}.Release|Any CPU.ActiveCfg = Release|Any CPU
	EndGlobalSection
	GlobalSection(SolutionProperties) = preSolution
		HideSolutionNode = FALSE
	EndGlobalSection
	GlobalSection(ExtensibilityGlobals) = postSolution
		SolutionGuid = {CC335CDB-D0E1-40EF-A044-CE2E5BFA061D}
	EndGlobalSection
EndGlobal
